{
  "version": "4",
  "specifiers": {
    "npm:@vltpkg/package-info@^0.0.0-0.1730724342581": "0.0.0-0.1730724342581",
    "npm:@vltpkg/spec@^0.0.0-0.1730724342581": "0.0.0-0.1730724342581",
    "npm:deno@^1.46.0": "1.46.3",
    "npm:minargs@^2.0.3": "2.0.3",
    "npm:p-queue@^8.0.1": "8.1.0"
  },
  "npm": {
    "@deno/darwin-arm64@1.46.3": {
      "integrity": "sha512-zfE9cekWKFatDXl7ylij0PaABHG6BttYRRM2QvMCXiCDGrug6pUGX+ugeEf5ypx+PwXuOyo8Y/anYfxs+9nFcw=="
    },
    "@deno/darwin-x64@1.46.3": {
      "integrity": "sha512-0FMSLIrMLYOBEv5DPAMzBRh4ZJG1emVkNLp6gY59NaCcm/ApiBpVf7AM7o7UswlCllp7sYgJyB9a/1MYmpxh8Q=="
    },
    "@deno/linux-arm64-glibc@1.46.3": {
      "integrity": "sha512-Y1VyxIYugemGX9IY1T0aqK1lamZJ5EDSEGnJRD77nGAk6nrvQu+3y/QSEaVlHomTHI4jzuFOVPhW4fnhI7c1Tw=="
    },
    "@deno/linux-x64-glibc@1.46.3": {
      "integrity": "sha512-2z8O02jFnmFapHbSmS7Xg0/MIVhhpNCULqnqTdFHQYXRweIpQu5Hcf0WHCjW4bZstl5Y50bGjQHQFwTKbEo1Kg=="
    },
    "@deno/win32-arm64@1.46.3": {
      "integrity": "sha512-TCySDENdn3SmIAt9vi7tJu3Pav0qcFjLoWmPmnK2Yq0zjhfTMj2H0xkbBVy7+NSOKeW/L/dCOujHPVrkwvo0yQ=="
    },
    "@deno/win32-x64@1.46.3": {
      "integrity": "sha512-W6yc6y+Y5lmPH74rcI2tRQqyqIcfR4G+cn634yHcID9m/8pMqioKt5N6Esa3OgT/+aiZ4+hRJJPLfEc0Rz8yiQ=="
    },
    "@isaacs/cliui@8.0.2": {
      "integrity": "sha512-O8jcjabXaleOG9DQ0+ARXWZBTfnP4WNAqzuiJK7ll44AmxGKv/J2M4TPjxjY3znBCfvBXFzucm1twdyFybFqEA==",
      "dependencies": [
        "string-width@5.1.2",
        "string-width-cjs@npm:string-width@4.2.3",
        "strip-ansi@7.1.0",
        "strip-ansi-cjs@npm:strip-ansi@6.0.1",
        "wrap-ansi@8.1.0",
        "wrap-ansi-cjs@npm:wrap-ansi@7.0.0"
      ]
    },
    "@isaacs/fs-minipass@4.0.1": {
      "integrity": "sha512-wgm9Ehl2jpeqP3zw/7mo3kRHFp5MEDhqAdwy1fTGkHAwnkGOVsgpvQhL8B5n1qlb01jV3n/bI0ZfZp5lWA1k4w==",
      "dependencies": [
        "minipass"
      ]
    },
    "@pkgjs/parseargs@0.11.0": {
      "integrity": "sha512-+1VkjdD0QBLPodGrJUeqarH8VAIvQODIbwh9XpP5Syisf7YoQgsJKPNFoqqLQlu+VQ/tVSshMR6loPMn8U+dPg=="
    },
    "@types/promise-retry@1.1.6": {
      "integrity": "sha512-EC1+OMXV0PZb0pf+cmyxc43MEP2CDumZe4AfuxWboxxEixztIebknpJPZAX5XlodGF1OY+C1E/RAeNGzxf+bJA==",
      "dependencies": [
        "@types/retry"
      ]
    },
    "@types/retry@0.12.5": {
      "integrity": "sha512-3xSjTp3v03X/lSQLkczaN9UIEwJMoMCA1+Nb5HfbJEQWogdeQIyVtTvxPXDQjZ5zws8rFQfVfRdz03ARihPJgw=="
    },
    "@vltpkg/cache-unzip@0.0.0-0.1730724342581": {
      "integrity": "sha512-lFurINXlikGNIcMyKLB3e8Mv1WbBnLURd59lyIBd1G9l9TtXWutweaPwhlrO9KAvqxy/UmDWOfbIVF8z0f9LKQ==",
      "dependencies": [
        "@vltpkg/cache",
        "@vltpkg/error-cause"
      ]
    },
    "@vltpkg/cache@0.0.0-0.1730724342581": {
      "integrity": "sha512-vtffzAzvXTOjoNapIicbKZ2ma7zlfKxB0X7E5B0nE1ykPzbtkkyqg/NEyNR4KeMFMgc4Op1Z3v9cqp0T39V/EQ==",
      "dependencies": [
        "@vltpkg/error-cause",
        "@vltpkg/types",
        "@vltpkg/xdg",
        "lru-cache@11.0.2",
        "rimraf@6.0.1"
      ]
    },
    "@vltpkg/dep-id@0.0.0-0.1730724342581": {
      "integrity": "sha512-WDAFRPlcxvaNLF3xDLJ79uHw9yC6fWkHcDG3AImJIosQVLjaDtsDUPNNizZqclNPEYmZyG6zusJVe5jt3LV+xQ==",
      "dependencies": [
        "@vltpkg/error-cause",
        "@vltpkg/spec",
        "@vltpkg/types"
      ]
    },
    "@vltpkg/error-cause@0.0.0-0.1730724342581": {
      "integrity": "sha512-voXY+DX6HtRi4BBrUI5LrT+W4bY36l1pC3PwWtzShXiLhEpDcskCQtAxMQ5gU6/EpmyXPFJgnMr1aUBcNpvlLA=="
    },
    "@vltpkg/fast-split@0.0.0-0.1730724342581": {
      "integrity": "sha512-Y2CP6vMKh2tLuTd+Zy6m/aBjREn7VZR7Bm1Kd77F++fHvmJAbt+JurwanAPqOQcyqAPQxhaaXsGDVjfSTslWzw=="
    },
    "@vltpkg/git-scp-url@0.0.0-0.1730724342581": {
      "integrity": "sha512-2+E9xARgadIBPhpqXZUbQlpnmBNr9m8wKf7e2Frn7bjZNqdKPqJyohZ272U4ayATOcjqu6WBwp0Kr58goHRVFg=="
    },
    "@vltpkg/git@0.0.0-0.1730724342581": {
      "integrity": "sha512-C6PjUwFzN+3WNZL0oPqNaB42X3tFhU1Mh9mPi/6fwgn30K4bREgAm0tn2nMG0X4CMixqkEBhyQLN/YPz9gyLew==",
      "dependencies": [
        "@types/promise-retry",
        "@vltpkg/error-cause",
        "@vltpkg/git-scp-url",
        "@vltpkg/pick-manifest",
        "@vltpkg/promise-spawn",
        "@vltpkg/semver",
        "@vltpkg/spec",
        "@vltpkg/which",
        "lru-cache@11.0.2",
        "promise-retry",
        "retry@0.13.1"
      ]
    },
    "@vltpkg/package-info@0.0.0-0.1730724342581": {
      "integrity": "sha512-9XhlIDCah8wKFYvBucpfxQ88OzH5Mqmkvmlf0gZ8ns77pnmxcTf1rNA3mA1f5S9RuGKvEERZ/qBapa4W/uAUCw==",
      "dependencies": [
        "@vltpkg/error-cause",
        "@vltpkg/git",
        "@vltpkg/package-json",
        "@vltpkg/pick-manifest",
        "@vltpkg/registry-client",
        "@vltpkg/spec",
        "@vltpkg/tar",
        "@vltpkg/types",
        "@vltpkg/workspaces",
        "@vltpkg/xdg",
        "tar"
      ]
    },
    "@vltpkg/package-json@0.0.0-0.1730724342581": {
      "integrity": "sha512-kISq7pQbNXaYm9W7BQzCSHbaWMWFfGno147mWZF6EECFALLK78BX7DIh7UD8HatEFUCwD619u17fDf3TuIAeqQ==",
      "dependencies": [
        "@vltpkg/error-cause",
        "@vltpkg/types",
        "polite-json"
      ]
    },
    "@vltpkg/pick-manifest@0.0.0-0.1730724342581": {
      "integrity": "sha512-KRL/rb3dZy5rthflBnJL7QTBViuMqihinDY9L2txX+W9QD8KKksXVKMl9uQJeiPESbD88eyUCYCf1soszHO8Ew==",
      "dependencies": [
        "@vltpkg/error-cause",
        "@vltpkg/semver",
        "@vltpkg/spec",
        "@vltpkg/types"
      ]
    },
    "@vltpkg/promise-spawn@0.0.0-0.1730724342581": {
      "integrity": "sha512-9kCwnYEIH+c+hldIN1+xnU1YZ7fIXuX9VGkOnQUTuJENFm1IhAeeWF+d/cqfZk/sZQ3IPV/3LB3pL+i88c6Vnw==",
      "dependencies": [
        "@vltpkg/error-cause"
      ]
    },
    "@vltpkg/registry-client@0.0.0-0.1730724342581": {
      "integrity": "sha512-eXN3kQ7NSNZ+yYF8neoUpd+uI1ums0N/0pFXZuD8eiiHSxWpmDyl3Ws7eDmq8eTdofrRzSIP5pUxIZS0Lc+ybw==",
      "dependencies": [
        "@vltpkg/cache",
        "@vltpkg/cache-unzip",
        "@vltpkg/error-cause",
        "@vltpkg/types",
        "@vltpkg/xdg",
        "cache-control-parser",
        "package-json-from-dist",
        "undici"
      ]
    },
    "@vltpkg/semver@0.0.0-0.1730724342581": {
      "integrity": "sha512-4wq6EvksP7ABJo1hP0eDhByZXpOlb1y45IocQ41ZYd9GcMXaK7YR5507u90SG+qeGTV/nmWcOyC3DmgzuZJB/w==",
      "dependencies": [
        "@vltpkg/error-cause",
        "@vltpkg/fast-split"
      ]
    },
    "@vltpkg/spec@0.0.0-0.1730724342581": {
      "integrity": "sha512-7tQrS7JAIrCsNp4+JRauhEmm7e1ssD4COmq+pno5iaRJknqsOfLuFElpVD9dev8FZ/rdXtrXqifQ+qAaXPsSRQ==",
      "dependencies": [
        "@vltpkg/error-cause",
        "@vltpkg/semver"
      ]
    },
    "@vltpkg/tar@0.0.0-0.1730724342581": {
      "integrity": "sha512-J8qrg/74AmcgloNiUUkDGd1OB038dFn1zL2wrsiiTu0poCYFLpL0NXs2kTc5oaiFqvEkeXAwWLMkEvdofjPTwA==",
      "dependencies": [
        "@vltpkg/error-cause",
        "rimraf@6.0.1",
        "tar"
      ]
    },
    "@vltpkg/types@0.0.0-0.1730724342581": {
      "integrity": "sha512-EVoRFvL/lHeTNiEOkjV8/H7JmYoeYbdzGfdj/BeYebP3e11t/biw+sQAqwxA5N/moZegpHFQHnZTGFjfQpfZ2g==",
      "dependencies": [
        "@vltpkg/error-cause"
      ]
    },
    "@vltpkg/which@0.0.0-0.1730724342581": {
      "integrity": "sha512-3/RD+fGspnUDRsa9q6KpeSJKxkXkVghSk4nHEUB/rOv33rP3V+wqqtlXt4DH2NK1HssmWqIdqCNyZJy0Ad98Dw==",
      "dependencies": [
        "isexe@3.1.1"
      ]
    },
    "@vltpkg/workspaces@0.0.0-0.1730724342581": {
      "integrity": "sha512-tFdkbSitWwgs884BttnY74QM5WAmG0j/txWAbPSkPWiWqnsLUyY1HAJlW1lfGwruvV17eI5NbXi7rD2XBnuG9A==",
      "dependencies": [
        "@vltpkg/dep-id",
        "@vltpkg/error-cause",
        "@vltpkg/package-json",
        "@vltpkg/types",
        "glob@11.0.1",
        "graph-run",
        "minimatch@10.0.1",
        "path-scurry@2.0.0",
        "polite-json",
        "walk-up-path"
      ]
    },
    "@vltpkg/xdg@0.0.0-0.1730724342581": {
      "integrity": "sha512-ztHlAazOO2O6fqI+4QOJqU7kWTxJ3sJlPguIRZ74FD0Ll+Dfo73cLmKOtRE2IZpCnKjPmdqBWoFWvcMFNmf3Aw=="
    },
    "ansi-regex@5.0.1": {
      "integrity": "sha512-quJQXlTSUGL2LH9SUXo8VwsY4soanhgo6LNSm84E1LBcE8s3O0wpdiRzyR9z/ZZJMlMWv37qOOb9pdJlMUEKFQ=="
    },
    "ansi-regex@6.1.0": {
      "integrity": "sha512-7HSX4QQb4CspciLpVFwyRe79O3xsIZDDLER21kERQ71oaPodF8jL725AgJMFAYbooIqolJoRLuM81SpeUkpkvA=="
    },
    "ansi-styles@4.3.0": {
      "integrity": "sha512-zbB9rCJAT1rbjiVDb2hqKFHNYLxgtk8NURxZ3IZwD3F6NtxbXZQCnnSi1Lkx+IDohdPlFp222wVALIheZJQSEg==",
      "dependencies": [
        "color-convert"
      ]
    },
    "ansi-styles@6.2.1": {
      "integrity": "sha512-bN798gFfQX+viw3R7yrGWRqnrN2oRkEkUjjl4JNn4E8GxxbjtG3FbrEIIY3l8/hrwUwIeCZvi4QuOTP4MErVug=="
    },
    "balanced-match@1.0.2": {
      "integrity": "sha512-3oSeUO0TMV67hN1AmbXsK4yaqU7tjiHlbxRDZOpH0KW9+CeX4bRAaX0Anxt0tx2MrpRpWwQaPwIlISEJhYU5Pw=="
    },
    "brace-expansion@2.0.1": {
      "integrity": "sha512-XnAIvQ8eM+kC6aULx6wuQiwVsnzsi9d3WxzV3FpWTGA19F621kwdbsAcFKXgKUHZWsy+mY6iL1sHTxWEFCytDA==",
      "dependencies": [
        "balanced-match"
      ]
    },
    "cache-control-parser@2.0.6": {
      "integrity": "sha512-N4rxCk7V8NLfUVONXG0d7S4IyTQh3KEDW5k2I4CAcEUcMQCmVkfAMn37JSWfUQudiR883vDBy5XM5+TS2Xo7uQ=="
    },
    "chownr@3.0.0": {
      "integrity": "sha512-+IxzY9BZOQd/XuYPRmrvEVjF/nqj5kgT4kEq7VofrDoM1MxoRjEWkrCC3EtLi59TVawxTAn+orJwFQcrqEN1+g=="
    },
    "color-convert@2.0.1": {
      "integrity": "sha512-RRECPsj7iu/xb5oKYcsFHSppFNnsj/52OVTRKb4zP5onXwVF3zVmmToNcOfGC+CRDpfK/U584fMg38ZHCaElKQ==",
      "dependencies": [
        "color-name"
      ]
    },
    "color-name@1.1.4": {
      "integrity": "sha512-dOy+3AuW3a2wNbZHIuMZpTcgjGuLU/uBL/ubcZF9OXbDo8ff4O8yVp5Bf0efS8uEoYo5q4Fx7dY9OgQGXgAsQA=="
    },
    "cross-spawn@7.0.6": {
      "integrity": "sha512-uV2QOWP2nWzsy2aMp8aRibhi9dlzF5Hgh5SHaB9OiTGEyDTiJJyx0uy51QXdyWbtAHNua4XJzUKca3OzKUd3vA==",
      "dependencies": [
        "path-key",
        "shebang-command",
        "which"
      ]
    },
    "deno@1.46.3": {
      "integrity": "sha512-yiy1SQYvkBVV4NMSb4K/4YgkSuokivwRUCrkXpYo8JwSyFnxlXckDoj9DiK6sOSI6hL4lmo+cNsOc/2nd0kW7Q==",
      "dependencies": [
        "@deno/darwin-arm64",
        "@deno/darwin-x64",
        "@deno/linux-arm64-glibc",
        "@deno/linux-x64-glibc",
        "@deno/win32-arm64",
        "@deno/win32-x64"
      ]
    },
    "eastasianwidth@0.2.0": {
      "integrity": "sha512-I88TYZWc9XiYHRQ4/3c5rjjfgkjhLyW2luGIheGERbNQ6OY7yTybanSpDXZa8y7VUP9YmDcYa+eyq4ca7iLqWA=="
    },
    "emoji-regex@8.0.0": {
      "integrity": "sha512-MSjYzcWNOA0ewAHpz0MxpYFvwg6yjy1NG3xteoqz644VCo/RPgnr1/GGt+ic3iJTzQ8Eu3TdM14SawnVUmGE6A=="
    },
    "emoji-regex@9.2.2": {
      "integrity": "sha512-L18DaJsXSUk2+42pv8mLs5jJT2hqFkFE4j21wOmgbUqsZ2hL72NsUU785g9RXgo3s0ZNgVl42TiHp3ZtOv/Vyg=="
    },
    "err-code@2.0.3": {
      "integrity": "sha512-2bmlRpNKBxT/CRmPOlyISQpNj+qSeYvcym/uT0Jx2bMOlKLtSy1ZmLuVxSEKKyor/N5yhvp/ZiG1oE3DEYMSFA=="
    },
    "eventemitter3@5.0.1": {
      "integrity": "sha512-GWkBvjiSZK87ELrYOSESUYeVIc9mvLLf/nXalMOS5dYrgZq9o5OVkbZAVM06CVxYsCwH9BDZFPlQTlPA1j4ahA=="
    },
    "foreground-child@3.3.1": {
      "integrity": "sha512-gIXjKqtFuWEgzFRJA9WCQeSJLZDjgJUOMCMzxtvFq/37KojM1BFGufqsCy0r4qSQmYLsZYMeyRqzIWOMup03sw==",
      "dependencies": [
        "cross-spawn",
        "signal-exit"
      ]
    },
    "glob@10.4.5": {
      "integrity": "sha512-7Bv8RF0k6xjo7d4A/PxYLbUCfb6c+Vpd2/mB2yRDlew7Jb5hEXiCD9ibfO7wpk8i4sevK6DFny9h7EYbM3/sHg==",
      "dependencies": [
        "foreground-child",
        "jackspeak@3.4.3",
        "minimatch@9.0.5",
        "minipass",
        "package-json-from-dist",
        "path-scurry@1.11.1"
      ]
    },
    "glob@11.0.1": {
      "integrity": "sha512-zrQDm8XPnYEKawJScsnM0QzobJxlT/kHOOlRTio8IH/GrmxRE5fjllkzdaHclIuNjUQTJYH2xHNIGfdpJkDJUw==",
      "dependencies": [
        "foreground-child",
        "jackspeak@4.1.0",
        "minimatch@10.0.1",
        "minipass",
        "package-json-from-dist",
        "path-scurry@2.0.0"
      ]
    },
    "graph-run@1.0.4": {
      "integrity": "sha512-QCT8ovkn5v+rJh88hvxnPEhA+L/jKnZCMm+TVVOVRKotQS2KJPM2UfChh1Pj+/EhcAG3SkIzqFPzFnn6o1yLNg=="
    },
    "is-fullwidth-code-point@3.0.0": {
      "integrity": "sha512-zymm5+u+sCsSWyD9qNaejV3DFvhCKclKdizYaJUuHA83RLjb7nSuGnddCHGv0hk+KY7BMAlsWeK4Ueg6EV6XQg=="
    },
    "isexe@2.0.0": {
      "integrity": "sha512-RHxMLp9lnKHGHRng9QFhRCMbYAcVpn69smSGcq3f36xjgVVWThj4qqLbTLlq7Ssj8B+fIQ1EuCEGI2lKsyQeIw=="
    },
    "isexe@3.1.1": {
      "integrity": "sha512-LpB/54B+/2J5hqQ7imZHfdU31OlgQqx7ZicVlkm9kzg9/w8GKLEcFfJl/t7DCEDueOyBAD6zCCwTO6Fzs0NoEQ=="
    },
    "jackspeak@3.4.3": {
      "integrity": "sha512-OGlZQpz2yfahA/Rd1Y8Cd9SIEsqvXkLVoSw/cgwhnhFMDbsQFeZYoJJ7bIZBS9BcamUW96asq/npPWugM+RQBw==",
      "dependencies": [
        "@isaacs/cliui",
        "@pkgjs/parseargs"
      ]
    },
    "jackspeak@4.1.0": {
      "integrity": "sha512-9DDdhb5j6cpeitCbvLO7n7J4IxnbM6hoF6O1g4HQ5TfhvvKN8ywDM7668ZhMHRqVmxqhps/F6syWK2KcPxYlkw==",
      "dependencies": [
        "@isaacs/cliui"
      ]
    },
    "lru-cache@10.4.3": {
      "integrity": "sha512-JNAzZcXrCt42VGLuYz0zfAzDfAvJWW6AfYlDBQyDV5DClI2m5sAmK+OIO7s59XfsRsWHp02jAJrRadPRGTt6SQ=="
    },
    "lru-cache@11.0.2": {
      "integrity": "sha512-123qHRfJBmo2jXDbo/a5YOQrJoHF/GNQTLzQ5+IdK5pWpceK17yRc6ozlWd25FxvGKQbIUs91fDFkXmDHTKcyA=="
    },
    "minargs@2.0.3": {
      "integrity": "sha512-4gu03gRrNtXdaGxvYV1s79AF0zItIWAOaHyBm5EuBYfPZaZgT25qX8L6FXUSYAxAXRLqjvvVQHTMiahV6WzQrQ=="
    },
    "minimatch@10.0.1": {
      "integrity": "sha512-ethXTt3SGGR+95gudmqJ1eNhRO7eGEGIgYA9vnPatK4/etz2MEVDno5GMCibdMTuBMyElzIlgxMna3K94XDIDQ==",
      "dependencies": [
        "brace-expansion"
      ]
    },
    "minimatch@9.0.5": {
      "integrity": "sha512-G6T0ZX48xgozx7587koeX9Ys2NYy6Gmv//P89sEte9V9whIapMNF4idKxnW2QtCcLiTWlb/wfCabAtAFWhhBow==",
      "dependencies": [
        "brace-expansion"
      ]
    },
    "minipass@7.1.2": {
      "integrity": "sha512-qOOzS1cBTWYF4BH8fVePDBOO9iptMnGUEZwNc/cMWnTV2nVLZ7VoNWEPHkYczZA0pdoA7dl6e7FL659nX9S2aw=="
    },
    "minizlib@3.0.1": {
      "integrity": "sha512-umcy022ILvb5/3Djuu8LWeqUa8D68JaBzlttKeMWen48SjabqS3iY5w/vzeMzMUNhLDifyhbOwKDSznB1vvrwg==",
      "dependencies": [
        "minipass",
        "rimraf@5.0.10"
      ]
    },
    "mkdirp@3.0.1": {
      "integrity": "sha512-+NsyUUAZDmo6YVHzL/stxSu3t9YS1iljliy3BSDrXJ/dkn1KYdmtZODGGjLcc9XLgVVpH4KshHB8XmZgMhaBXg=="
    },
    "p-queue@8.1.0": {
      "integrity": "sha512-mxLDbbGIBEXTJL0zEx8JIylaj3xQ7Z/7eEVjcF9fJX4DBiH9oqe+oahYnlKKxm0Ci9TlWTyhSHgygxMxjIB2jw==",
      "dependencies": [
        "eventemitter3",
        "p-timeout"
      ]
    },
    "p-timeout@6.1.4": {
      "integrity": "sha512-MyIV3ZA/PmyBN/ud8vV9XzwTrNtR4jFrObymZYnZqMmW0zA8Z17vnT0rBgFE/TlohB+YCHqXMgZzb3Csp49vqg=="
    },
    "package-json-from-dist@1.0.1": {
      "integrity": "sha512-UEZIS3/by4OC8vL3P2dTXRETpebLI2NiI5vIrjaD/5UtrkFX/tNbwjTSRAGC/+7CAo2pIcBaRgWmcBBHcsaCIw=="
    },
    "path-key@3.1.1": {
      "integrity": "sha512-ojmeN0qd+y0jszEtoY48r0Peq5dwMEkIlCOu6Q5f41lfkswXuKtYrhgoTpLnyIcHm24Uhqx+5Tqm2InSwLhE6Q=="
    },
    "path-scurry@1.11.1": {
      "integrity": "sha512-Xa4Nw17FS9ApQFJ9umLiJS4orGjm7ZzwUrwamcGQuHSzDyth9boKDaycYdDcZDuqYATXw4HFXgaqWTctW/v1HA==",
      "dependencies": [
        "lru-cache@10.4.3",
        "minipass"
      ]
    },
    "path-scurry@2.0.0": {
      "integrity": "sha512-ypGJsmGtdXUOeM5u93TyeIEfEhM6s+ljAhrk5vAvSx8uyY/02OvrZnA0YNGUrPXfpJMgI1ODd3nwz8Npx4O4cg==",
      "dependencies": [
        "lru-cache@11.0.2",
        "minipass"
      ]
    },
    "polite-json@5.0.0": {
      "integrity": "sha512-OLS/0XeUAcE8a2fdwemNja+udKgXNnY6yKVIXqAD2zVRx1KvY6Ato/rZ2vdzbxqYwPW0u6SCNC/bAMPNzpzxbw=="
    },
    "promise-retry@2.0.1": {
      "integrity": "sha512-y+WKFlBR8BGXnsNlIHFGPZmyDf3DFMoLhaflAnyZgV6rG6xu+JwesTo2Q9R6XwYmtmwAFCkAk3e35jEdoeh/3g==",
      "dependencies": [
        "err-code",
        "retry@0.12.0"
      ]
    },
    "retry@0.12.0": {
      "integrity": "sha512-9LkiTwjUh6rT555DtE9rTX+BKByPfrMzEAtnlEtdEwr3Nkffwiihqe2bWADg+OQRjt9gl6ICdmB/ZFDCGAtSow=="
    },
    "retry@0.13.1": {
      "integrity": "sha512-XQBQ3I8W1Cge0Seh+6gjj03LbmRFWuoszgK9ooCpwYIrhhoO80pfq4cUkU5DkknwfOfFteRwlZ56PYOGYyFWdg=="
    },
    "rimraf@5.0.10": {
      "integrity": "sha512-l0OE8wL34P4nJH/H2ffoaniAokM2qSmrtXHmlpvYr5AVVX8msAyW0l8NVJFDxlSK4u3Uh/f41cQheDVdnYijwQ==",
      "dependencies": [
        "glob@10.4.5"
      ]
    },
    "rimraf@6.0.1": {
      "integrity": "sha512-9dkvaxAsk/xNXSJzMgFqqMCuFgt2+KsOFek3TMLfo8NCPfWpBmqwyNn5Y+NX56QUYfCtsyhF3ayiboEoUmJk/A==",
      "dependencies": [
        "glob@11.0.1",
        "package-json-from-dist"
      ]
    },
    "shebang-command@2.0.0": {
      "integrity": "sha512-kHxr2zZpYtdmrN1qDjrrX/Z1rR1kG8Dx+gkpK1G4eXmvXswmcE1hTWBWYUzlraYw1/yZp6YuDY77YtvbN0dmDA==",
      "dependencies": [
        "shebang-regex"
      ]
    },
    "shebang-regex@3.0.0": {
      "integrity": "sha512-7++dFhtcx3353uBaq8DDR4NuxBetBzC7ZQOhmTQInHEd6bSrXdiEyzCvG07Z44UYdLShWUyXt5M/yhz8ekcb1A=="
    },
    "signal-exit@4.1.0": {
      "integrity": "sha512-bzyZ1e88w9O1iNJbKnOlvYTrWPDl46O1bG0D3XInv+9tkPrxrN8jUUTiFlDkkmKWgn1M6CfIA13SuGqOa9Korw=="
    },
    "string-width@4.2.3": {
      "integrity": "sha512-wKyQRQpjJ0sIp62ErSZdGsjMJWsap5oRNihHhu6G7JVO/9jIB6UyevL+tXuOqrng8j/cxKTWyWUwvSTriiZz/g==",
      "dependencies": [
        "emoji-regex@8.0.0",
        "is-fullwidth-code-point",
        "strip-ansi@6.0.1"
      ]
    },
    "string-width@5.1.2": {
      "integrity": "sha512-HnLOCR3vjcY8beoNLtcjZ5/nxn2afmME6lhrDrebokqMap+XbeW8n9TXpPDOqdGK5qcI3oT0GKTW6wC7EMiVqA==",
      "dependencies": [
        "eastasianwidth",
        "emoji-regex@9.2.2",
        "strip-ansi@7.1.0"
      ]
    },
    "strip-ansi@6.0.1": {
      "integrity": "sha512-Y38VPSHcqkFrCpFnQ9vuSXmquuv5oXOKpGeT6aGrr3o3Gc9AlVa6JBfUSOCnbxGGZF+/0ooI7KrPuUSztUdU5A==",
      "dependencies": [
        "ansi-regex@5.0.1"
      ]
    },
    "strip-ansi@7.1.0": {
      "integrity": "sha512-iq6eVVI64nQQTRYq2KtEg2d2uU7LElhTJwsH4YzIHZshxlgZms/wIc4VoDQTlG/IvVIrBKG06CrZnp0qv7hkcQ==",
      "dependencies": [
        "ansi-regex@6.1.0"
      ]
    },
    "tar@7.4.3": {
      "integrity": "sha512-5S7Va8hKfV7W5U6g3aYxXmlPoZVAwUMy9AOKyF2fVuZa2UD3qZjg578OrLRt8PcNN1PleVaL/5/yYATNL0ICUw==",
      "dependencies": [
        "@isaacs/fs-minipass",
        "chownr",
        "minipass",
        "minizlib",
        "mkdirp",
        "yallist"
      ]
    },
    "undici@6.21.1": {
      "integrity": "sha512-q/1rj5D0/zayJB2FraXdaWxbhWiNKDvu8naDT2dl1yTlvJp4BLtOcp2a5BvgGNQpYYJzau7tf1WgKv3b+7mqpQ=="
    },
    "walk-up-path@4.0.0": {
      "integrity": "sha512-3hu+tD8YzSLGuFYtPRb48vdhKMi0KQV5sn+uWr8+7dMEq/2G/dtLrdDinkLjqq5TIbIBjYJ4Ax/n3YiaW7QM8A=="
    },
    "which@2.0.2": {
      "integrity": "sha512-BLI3Tl1TW3Pvl70l3yq3Y64i+awpwXqsGBYWkkqMtnbXgrMD+yj7rhW0kuEDxzJaYXGjEW5ogapKNMEKNMjibA==",
      "dependencies": [
        "isexe@2.0.0"
      ]
    },
    "wrap-ansi@7.0.0": {
      "integrity": "sha512-YVGIj2kamLSTxw6NsZjoBxfSwsn0ycdesmc4p+Q21c5zPuZ1pl+NfxVdxPtdHvmNVOQ6XSYG4AUtyt/Fi7D16Q==",
      "dependencies": [
        "ansi-styles@4.3.0",
        "string-width@4.2.3",
        "strip-ansi@6.0.1"
      ]
    },
    "wrap-ansi@8.1.0": {
      "integrity": "sha512-si7QWI6zUMq56bESFvagtmzMdGOtoxfR+Sez11Mobfc7tm+VkUckk9bW2UeffTGVUbOksxmSw0AA2gs8g71NCQ==",
      "dependencies": [
        "ansi-styles@6.2.1",
        "string-width@5.1.2",
        "strip-ansi@7.1.0"
      ]
    },
    "yallist@5.0.0": {
      "integrity": "sha512-YgvUTfwqyc7UXVMrB+SImsVYSmTS8X/tSrtdNZMImM+n7+QTriRXyXim0mBrTXNeqzVF0KWGgHPeiyViFFrNDw=="
    }
  },
  "workspace": {
    "packageJson": {
      "dependencies": [
        "npm:@vltpkg/package-info@^0.0.0-0.1730724342581",
        "npm:@vltpkg/spec@^0.0.0-0.1730724342581",
        "npm:deno@^1.46.0",
        "npm:minargs@^2.0.3",
        "npm:p-queue@^8.0.1"
      ]
    }
  }
}
